
Microsoft Visual Studio Solution File, Format Version 12.00
# Visual Studio Version 17
VisualStudioVersion = 17.7.34009.444
MinimumVisualStudioVersion = 10.0.40219.1
Project("{FAE04EC0-301F-11D3-BF4B-00C04F79EFBC}") = "arrays", "demo\arrays.csproj", "{E25747D0-2ED8-44CF-ADDE-B0E340216AB1}"
EndProject
Project("{FAE04EC0-301F-11D3-BF4B-00C04F79EFBC}") = "2Darrays", "2Darrays\2Darrays.csproj", "{29199FEA-1C14-4149-AB70-84CAB72BC64F}"
EndProject
Project("{FAE04EC0-301F-11D3-BF4B-00C04F79EFBC}") = "jaggedarray", "jaggedarray\jaggedarray.csproj", "{56511AEA-FFA4-4DE4-A81C-47FEFFB3BAA0}"
EndProject
Global
	GlobalSection(SolutionConfigurationPlatforms) = preSolution
		Debug|Any CPU = Debug|Any CPU
		Release|Any CPU = Release|Any CPU
	EndGlobalSection
	GlobalSection(ProjectConfigurationPlatforms) = postSolution
		{E25747D0-2ED8-44CF-ADDE-B0E340216AB1}.Debug|Any CPU.ActiveCfg = Debug|Any CPU
		{E25747D0-2ED8-44CF-ADDE-B0E340216AB1}.Debug|Any CPU.Build.0 = Debug|Any CPU
		{E25747D0-2ED8-44CF-ADDE-B0E340216AB1}.Release|Any CPU.ActiveCfg = Release|Any CPU
		{E25747D0-2ED8-44CF-ADDE-B0E340216AB1}.Release|Any CPU.Build.0 = Release|Any CPU
		{29199FEA-1C14-4149-AB70-84CAB72BC64F}.Debug|Any CPU.ActiveCfg = Debug|Any CPU
		{29199FEA-1C14-4149-AB70-84CAB72BC64F}.Debug|Any CPU.Build.0 = Debug|Any CPU
		{29199FEA-1C14-4149-AB70-84CAB72BC64F}.Release|Any CPU.ActiveCfg = Release|Any CPU
		{29199FEA-1C14-4149-AB70-84CAB72BC64F}.Release|Any CPU.Build.0 = Release|Any CPU
		{56511AEA-FFA4-4DE4-A81C-47FEFFB3BAA0}.Debug|Any CPU.ActiveCfg = Debug|Any CPU
		{56511AEA-FFA4-4DE4-A81C-47FEFFB3BAA0}.Debug|Any CPU.Build.0 = Debug|Any CPU
		{56511AEA-FFA4-4DE4-A81C-47FEFFB3BAA0}.Release|Any CPU.ActiveCfg = Release|Any CPU
		{56511AEA-FFA4-4DE4-A81C-47FEFFB3BAA0}.Release|Any CPU.Build.0 = Release|Any CPU
	EndGlobalSection
	GlobalSection(SolutionProperties) = preSolution
		HideSolutionNode = FALSE
	EndGlobalSection
	GlobalSection(ExtensibilityGlobals) = postSolution
		SolutionGuid = {A6F8B468-81D6-499F-9436-75A836FFF64F}
	EndGlobalSection
EndGlobal
